
Microsoft Visual Studio Solution File, Format Version 12.00
Project("{FAE04EC0-301F-11D3-BF4B-00C04F79EFBC}") = "Conjunto SortedSet", "Conjunto SortedSet\Conjunto SortedSet.csproj", "{C3AEE87A-40CD-4297-8AB5-4CA203447FBD}"
EndProject
Global
	GlobalSection(SolutionConfigurationPlatforms) = preSolution
		Debug|Any CPU = Debug|Any CPU
		Release|Any CPU = Release|Any CPU
	EndGlobalSection
	GlobalSection(ProjectConfigurationPlatforms) = postSolution
		{C3AEE87A-40CD-4297-8AB5-4CA203447FBD}.Debug|Any CPU.ActiveCfg = Debug|Any CPU
		{C3AEE87A-40CD-4297-8AB5-4CA203447FBD}.Debug|Any CPU.Build.0 = Debug|Any CPU
		{C3AEE87A-40CD-4297-8AB5-4CA203447FBD}.Release|Any CPU.ActiveCfg = Release|Any CPU
		{C3AEE87A-40CD-4297-8AB5-4CA203447FBD}.Release|Any CPU.Build.0 = Release|Any CPU
	EndGlobalSection
EndGlobal
